Microsoft Visual Studio Solution File, Format Version 11.00
# Visual Studio 2008

Project("{24A1AF49-6577-F495-43CE-9979ED45D32D}") = "Level2Boss", "Assembly-CSharp.csproj", "{6166EA58-BBF6-B28F-48E1-6E66442B2240}"
EndProject
Global
	GlobalSection(SolutionConfigurationPlatforms) = preSolution
		Debug|Any CPU = Debug|Any CPU
		Release|Any CPU = Release|Any CPU
	EndGlobalSection
	GlobalSection(ProjectConfigurationPlatforms) = postSolution
		{6166EA58-BBF6-B28F-48E1-6E66442B2240}.Debug|Any CPU.ActiveCfg = Debug|Any CPU
		{6166EA58-BBF6-B28F-48E1-6E66442B2240}.Debug|Any CPU.Build.0 = Debug|Any CPU
		{6166EA58-BBF6-B28F-48E1-6E66442B2240}.Release|Any CPU.ActiveCfg = Release|Any CPU
		{6166EA58-BBF6-B28F-48E1-6E66442B2240}.Release|Any CPU.Build.0 = Release|Any CPU
	EndGlobalSection
	GlobalSection(SolutionProperties) = preSolution
		HideSolutionNode = FALSE
	EndGlobalSection
	GlobalSection(MonoDevelopProperties) = preSolution
		StartupItem = Assembly-CSharp.csproj
	EndGlobalSection
EndGlobal
